
Microsoft Visual Studio Solution File, Format Version 12.00
# Visual Studio Version 17
VisualStudioVersion = 17.9.34607.119
MinimumVisualStudioVersion = 10.0.40219.1
Project("{9A19103F-16F7-4668-BE54-9A1E7A4F7556}") = "EasySaveGUI", "EasySaveGUI.csproj", "{488D47F8-AA68-447B-940F-45E4A089853B}"
EndProject
Project("{FAE04EC0-301F-11D3-BF4B-00C04F79EFBC}") = "EasySaveGUI_UnitTests", "..\EasySaveGUI_UnitTests\EasySaveGUI_UnitTests.csproj", "{1D41ADCB-56FF-412C-A7A7-7610B42F4979}"
EndProject
Global
	GlobalSection(SolutionConfigurationPlatforms) = preSolution
		Debug|Any CPU = Debug|Any CPU
		Release|Any CPU = Release|Any CPU
	EndGlobalSection
	GlobalSection(ProjectConfigurationPlatforms) = postSolution
		{488D47F8-AA68-447B-940F-45E4A089853B}.Debug|Any CPU.ActiveCfg = Debug|Any CPU
		{488D47F8-AA68-447B-940F-45E4A089853B}.Debug|Any CPU.Build.0 = Debug|Any CPU
		{488D47F8-AA68-447B-940F-45E4A089853B}.Release|Any CPU.ActiveCfg = Release|Any CPU
		{488D47F8-AA68-447B-940F-45E4A089853B}.Release|Any CPU.Build.0 = Release|Any CPU
		{1D41ADCB-56FF-412C-A7A7-7610B42F4979}.Debug|Any CPU.ActiveCfg = Debug|Any CPU
		{1D41ADCB-56FF-412C-A7A7-7610B42F4979}.Debug|Any CPU.Build.0 = Debug|Any CPU
		{1D41ADCB-56FF-412C-A7A7-7610B42F4979}.Release|Any CPU.ActiveCfg = Release|Any CPU
		{1D41ADCB-56FF-412C-A7A7-7610B42F4979}.Release|Any CPU.Build.0 = Release|Any CPU
	EndGlobalSection
	GlobalSection(SolutionProperties) = preSolution
		HideSolutionNode = FALSE
	EndGlobalSection
	GlobalSection(ExtensibilityGlobals) = postSolution
		SolutionGuid = {A5F1106A-D241-497D-82F0-56DF122884B9}
	EndGlobalSection
EndGlobal
