
Microsoft Visual Studio Solution File, Format Version 12.00
# Visual Studio Version 17
VisualStudioVersion = 17.9.34607.119
MinimumVisualStudioVersion = 10.0.40219.1
Project("{FAE04EC0-301F-11D3-BF4B-00C04F79EFBC}") = "EasySaveGUI", "EasySaveGUI.csproj", "{488D47F8-AA68-447B-940F-45E4A089853B}"
EndProject
Global
	GlobalSection(SolutionConfigurationPlatforms) = preSolution
		Debug|Any CPU = Debug|Any CPU
		Release|Any CPU = Release|Any CPU
	EndGlobalSection
	GlobalSection(ProjectConfigurationPlatforms) = postSolution
		{488D47F8-AA68-447B-940F-45E4A089853B}.Debug|Any CPU.ActiveCfg = Debug|Any CPU
		{488D47F8-AA68-447B-940F-45E4A089853B}.Debug|Any CPU.Build.0 = Debug|Any CPU
		{488D47F8-AA68-447B-940F-45E4A089853B}.Release|Any CPU.ActiveCfg = Release|Any CPU
		{488D47F8-AA68-447B-940F-45E4A089853B}.Release|Any CPU.Build.0 = Release|Any CPU
	EndGlobalSection
	GlobalSection(SolutionProperties) = preSolution
		HideSolutionNode = FALSE
	EndGlobalSection
	GlobalSection(ExtensibilityGlobals) = postSolution
		SolutionGuid = {A5F1106A-D241-497D-82F0-56DF122884B9}
	EndGlobalSection
EndGlobal
